
Microsoft Visual Studio Solution File, Format Version 12.00
# Visual Studio Version 17
VisualStudioVersion = 17.4.33205.214
MinimumVisualStudioVersion = 10.0.40219.1
Project("{FAE04EC0-301F-11D3-BF4B-00C04F79EFBC}") = "TSP-WPF", "TSP-WPF\TSP-WPF.csproj", "{8E40E07B-C506-4041-BABB-308AEAB6EE88}"
EndProject
Global
	GlobalSection(SolutionConfigurationPlatforms) = preSolution
		Debug|Any CPU = Debug|Any CPU
		Release|Any CPU = Release|Any CPU
	EndGlobalSection
	GlobalSection(ProjectConfigurationPlatforms) = postSolution
		{8E40E07B-C506-4041-BABB-308AEAB6EE88}.Debug|Any CPU.ActiveCfg = Debug|Any CPU
		{8E40E07B-C506-4041-BABB-308AEAB6EE88}.Debug|Any CPU.Build.0 = Debug|Any CPU
		{8E40E07B-C506-4041-BABB-308AEAB6EE88}.Release|Any CPU.ActiveCfg = Release|Any CPU
		{8E40E07B-C506-4041-BABB-308AEAB6EE88}.Release|Any CPU.Build.0 = Release|Any CPU
	EndGlobalSection
	GlobalSection(SolutionProperties) = preSolution
		HideSolutionNode = FALSE
	EndGlobalSection
	GlobalSection(ExtensibilityGlobals) = postSolution
		SolutionGuid = {44C495E6-EBD5-4AD0-904E-526A37521817}
	EndGlobalSection
EndGlobal
